
Microsoft Visual Studio Solution File, Format Version 12.00
# Visual Studio Version 16
VisualStudioVersion = 16.0.33130.400
MinimumVisualStudioVersion = 10.0.40219.1
Project("{FAE04EC0-301F-11D3-BF4B-00C04F79EFBC}") = "BookStore", "BookStore\BookStore.csproj", "{A3652989-F3BB-4BDA-8D6E-F54E6F49380C}"
EndProject
Global
	GlobalSection(SolutionConfigurationPlatforms) = preSolution
		Debug|Any CPU = Debug|Any CPU
		Release|Any CPU = Release|Any CPU
	EndGlobalSection
	GlobalSection(ProjectConfigurationPlatforms) = postSolution
		{A3652989-F3BB-4BDA-8D6E-F54E6F49380C}.Debug|Any CPU.ActiveCfg = Debug|Any CPU
		{A3652989-F3BB-4BDA-8D6E-F54E6F49380C}.Debug|Any CPU.Build.0 = Debug|Any CPU
		{A3652989-F3BB-4BDA-8D6E-F54E6F49380C}.Release|Any CPU.ActiveCfg = Release|Any CPU
		{A3652989-F3BB-4BDA-8D6E-F54E6F49380C}.Release|Any CPU.Build.0 = Release|Any CPU
	EndGlobalSection
	GlobalSection(SolutionProperties) = preSolution
		HideSolutionNode = FALSE
	EndGlobalSection
	GlobalSection(ExtensibilityGlobals) = postSolution
		SolutionGuid = {BA6D7249-7425-4275-99F0-239D1CF0E61F}
	EndGlobalSection
EndGlobal
